// !$*UTF8*$!
{
 archiveVersion = 1;
 classes = {};
 objectVersion = 56;
 objects = {
  000000000000000000000001 /* Project object */ = { isa = PBXProject; attributes = { LastUpgradeCheck = 1600; }; buildConfigurationList = 000000000000000000000010; compatibilityVersion = "Xcode 14.0"; developmentRegion = en; hasScannedForEncodings = 0; knownRegions = ( en, Base, ); mainGroup = 000000000000000000000002; productRefGroup = 000000000000000000000003; projectDirPath = ""; projectRoot = ""; targets = (000000000000000000000020,); };
  000000000000000000000002 /* MochiBridge */ = { isa = PBXGroup; children = (000000000000000000000004,000000000000000000000005,000000000000000000000006); sourceTree = "<group>"; };
  000000000000000000000003 /* Products */ = { isa = PBXGroup; children = (000000000000000000000030,); name = Products; sourceTree = "<group>"; };
  000000000000000000000004 /* MochiBridgeApp.swift */ = { isa = PBXFileReference; lastKnownFileType = sourcecode.swift; path = MochiBridge/MochiBridgeApp.swift; sourceTree = "<group>"; };
  000000000000000000000005 /* Info.plist */ = { isa = PBXFileReference; lastKnownFileType = text.plist.xml; path = MochiBridge/Info.plist; sourceTree = "<group>"; };
  000000000000000000000006 /* Products group */ = { isa = PBXGroup; children = (000000000000000000000030,); name = Products; sourceTree = "<group>"; };
  000000000000000000000030 /* MochiBridge.app */ = { isa = PBXFileReference; explicitFileType = wrapper.application; includeInIndex = 0; path = MochiBridge.app; sourceTree = BUILT_PRODUCTS_DIR; };
  000000000000000000000040 /* Sources */ = { isa = PBXSourcesBuildPhase; buildActionMask = 2147483647; files = (000000000000000000000041,); runOnlyForDeploymentPostprocessing = 0; };
  000000000000000000000041 /* MochiBridgeApp.swift in Sources */ = { isa = PBXBuildFile; fileRef = 000000000000000000000004; };
  000000000000000000000050 /* Frameworks */ = { isa = PBXFrameworksBuildPhase; buildActionMask = 2147483647; files = (); runOnlyForDeploymentPostprocessing = 0; };
  000000000000000000000060 /* Resources */ = { isa = PBXResourcesBuildPhase; buildActionMask = 2147483647; files = (); runOnlyForDeploymentPostprocessing = 0; };
  000000000000000000000020 /* MochiBridge target */ = { isa = PBXNativeTarget; buildConfigurationList = 000000000000000000000011; buildPhases = (000000000000000000000040,000000000000000000000050,000000000000000000000060); buildRules = (); dependencies = (); name = MochiBridge; productName = MochiBridge; productReference = 000000000000000000000030; productType = "com.apple.product-type.application"; };
  000000000000000000000010 /* Project configs */ = { isa = XCConfigurationList; buildConfigurations = (000000000000000000000070,000000000000000000000071); defaultConfigurationIsVisible = 0; defaultConfigurationName = Release; };
  000000000000000000000011 /* Target configs */ = { isa = XCConfigurationList; buildConfigurations = (000000000000000000000072,000000000000000000000073); defaultConfigurationIsVisible = 0; defaultConfigurationName = Release; };
  000000000000000000000070 /* Debug project */ = { isa = XCBuildConfiguration; buildSettings = { ALWAYS_SEARCH_USER_PATHS = NO; SWIFT_VERSION = 5.0; }; name = Debug; };
  000000000000000000000071 /* Release project */ = { isa = XCBuildConfiguration; buildSettings = { ALWAYS_SEARCH_USER_PATHS = NO; SWIFT_VERSION = 5.0; }; name = Release; };
  000000000000000000000072 /* Debug target */ = { isa = XCBuildConfiguration; buildSettings = { INFOPLIST_FILE = MochiBridge/Info.plist; PRODUCT_BUNDLE_IDENTIFIER = com.vitaliy.MochiBridge; PRODUCT_NAME = MochiBridge; SWIFT_VERSION = 5.0; TARGETED_DEVICE_FAMILY = "1"; IPHONEOS_DEPLOYMENT_TARGET = 16.0; SDKROOT = iphoneos; }; name = Debug; };
  000000000000000000000073 /* Release target */ = { isa = XCBuildConfiguration; buildSettings = { INFOPLIST_FILE = MochiBridge/Info.plist; PRODUCT_BUNDLE_IDENTIFIER = com.vitaliy.MochiBridge; PRODUCT_NAME = MochiBridge; SWIFT_VERSION = 5.0; TARGETED_DEVICE_FAMILY = "1"; IPHONEOS_DEPLOYMENT_TARGET = 16.0; SDKROOT = iphoneos; }; name = Release; };
 };
 rootObject = 000000000000000000000001;
}
